// !$*UTF8*$!
{
	archiveVersion = 1;
	classes = {
	};
	objectVersion = 56;
	objects = {

/* Begin PBXBuildFile section */
		BF0E023D2B80CE6A009B3270 /* AppDelegate.swift in Sources */ = {isa = PBXBuildFile; fileRef = BF0E023C2B80CE6A009B3270 /* AppDelegate.swift */; };
		BF0E023F2B80CE6A009B3270 /* SceneDelegate.swift in Sources */ = {isa = PBXBuildFile; fileRef = BF0E023E2B80CE6A009B3270 /* SceneDelegate.swift */; };
		BF0E02412B80CE6A009B3270 /* ViewController.swift in Sources */ = {isa = PBXBuildFile; fileRef = BF0E02402B80CE6A009B3270 /* ViewController.swift */; };
		BF0E02442B80CE6A009B3270 /* Main.storyboard in Resources */ = {isa = PBXBuildFile; fileRef = BF0E02422B80CE6A009B3270 /* Main.storyboard */; };
		BF0E02462B80CE6C009B3270 /* Assets.xcassets in Resources */ = {isa = PBXBuildFile; fileRef = BF0E02452B80CE6C009B3270 /* Assets.xcassets */; };
		BF0E02492B80CE6C009B3270 /* LaunchScreen.storyboard in Resources */ = {isa = PBXBuildFile; fileRef = BF0E02472B80CE6C009B3270 /* LaunchScreen.storyboard */; };
		BF0E02542B80CE6C009B3270 /* Picker_View_with_Text_FieldTests.swift in Sources */ = {isa = PBXBuildFile; fileRef = BF0E02532B80CE6C009B3270 /* Picker_View_with_Text_FieldTests.swift */; };
		BF0E025E2B80CE6C009B3270 /* Picker_View_with_Text_FieldUITests.swift in Sources */ = {isa = PBXBuildFile; fileRef = BF0E025D2B80CE6C009B3270 /* Picker_View_with_Text_FieldUITests.swift */; };
		BF0E02602B80CE6C009B3270 /* Picker_View_with_Text_FieldUITestsLaunchTests.swift in Sources */ = {isa = PBXBuildFile; fileRef = BF0E025F2B80CE6C009B3270 /* Picker_View_with_Text_FieldUITestsLaunchTests.swift */; };
/* End PBXBuildFile section */

/* Begin PBXContainerItemProxy section */
		BF0E02502B80CE6C009B3270 /* PBXContainerItemProxy */ = {
			isa = PBXContainerItemProxy;
			containerPortal = BF0E02312B80CE6A009B3270 /* Project object */;
			proxyType = 1;
			remoteGlobalIDString = BF0E02382B80CE6A009B3270;
			remoteInfo = "Picker View with Text Field";
		};
		BF0E025A2B80CE6C009B3270 /* PBXContainerItemProxy */ = {
			isa = PBXContainerItemProxy;
			containerPortal = BF0E02312B80CE6A009B3270 /* Project object */;
			proxyType = 1;
			remoteGlobalIDString = BF0E02382B80CE6A009B3270;
			remoteInfo = "Picker View with Text Field";
		};
/* End PBXContainerItemProxy section */

/* Begin PBXFileReference section */
		BF0E02392B80CE6A009B3270 /* Picker View with Text Field.app */ = {isa = PBXFileReference; explicitFileType = wrapper.application; includeInIndex = 0; path = "Picker View with Text Field.app"; sourceTree = BUILT_PRODUCTS_DIR; };
		BF0E023C2B80CE6A009B3270 /* AppDelegate.swift */ = {isa = PBXFileReference; lastKnownFileType = sourcecode.swift; path = AppDelegate.swift; sourceTree = "<group>"; };
		BF0E023E2B80CE6A009B3270 /* SceneDelegate.swift */ = {isa = PBXFileReference; lastKnownFileType = sourcecode.swift; path = SceneDelegate.swift; sourceTree = "<group>"; };
		BF0E02402B80CE6A009B3270 /* ViewController.swift */ = {isa = PBXFileReference; lastKnownFileType = sourcecode.swift; path = ViewController.swift; sourceTree = "<group>"; };
		BF0E02432B80CE6A009B3270 /* Base */ = {isa = PBXFileReference; lastKnownFileType = file.storyboard; name = Base; path = Base.lproj/Main.storyboard; sourceTree = "<group>"; };
		BF0E02452B80CE6C009B3270 /* Assets.xcassets */ = {isa = PBXFileReference; lastKnownFileType = folder.assetcatalog; path = Assets.xcassets; sourceTree = "<group>"; };
		BF0E02482B80CE6C009B3270 /* Base */ = {isa = PBXFileReference; lastKnownFileType = file.storyboard; name = Base; path = Base.lproj/LaunchScreen.storyboard; sourceTree = "<group>"; };
		BF0E024A2B80CE6C009B3270 /* Info.plist */ = {isa = PBXFileReference; lastKnownFileType = text.plist.xml; path = Info.plist; sourceTree = "<group>"; };
		BF0E024F2B80CE6C009B3270 /* Picker View with Text FieldTests.xctest */ = {isa = PBXFileReference; explicitFileType = wrapper.cfbundle; includeInIndex = 0; path = "Picker View with Text FieldTests.xctest"; sourceTree = BUILT_PRODUCTS_DIR; };
		BF0E02532B80CE6C009B3270 /* Picker_View_with_Text_FieldTests.swift */ = {isa = PBXFileReference; lastKnownFileType = sourcecode.swift; path = Picker_View_with_Text_FieldTests.swift; sourceTree = "<group>"; };
		BF0E02592B80CE6C009B3270 /* Picker View with Text FieldUITests.xctest */ = {isa = PBXFileReference; explicitFileType = wrapper.cfbundle; includeInIndex = 0; path = "Picker View with Text FieldUITests.xctest"; sourceTree = BUILT_PRODUCTS_DIR; };
		BF0E025D2B80CE6C009B3270 /* Picker_View_with_Text_FieldUITests.swift */ = {isa = PBXFileReference; lastKnownFileType = sourcecode.swift; path = Picker_View_with_Text_FieldUITests.swift; sourceTree = "<group>"; };
		BF0E025F2B80CE6C009B3270 /* Picker_View_with_Text_FieldUITestsLaunchTests.swift */ = {isa = PBXFileReference; lastKnownFileType = sourcecode.swift; path = Picker_View_with_Text_FieldUITestsLaunchTests.swift; sourceTree = "<group>"; };
/* End PBXFileReference section */

/* Begin PBXFrameworksBuildPhase section */
		BF0E02362B80CE6A009B3270 /* Frameworks */ = {
			isa = PBXFrameworksBuildPhase;
			buildActionMask = 2147483647;
			files = (
			);
			runOnlyForDeploymentPostprocessing = 0;
		};
		BF0E024C2B80CE6C009B3270 /* Frameworks */ = {
			isa = PBXFrameworksBuildPhase;
			buildActionMask = 2147483647;
			files = (
			);
			runOnlyForDeploymentPostprocessing = 0;
		};
		BF0E02562B80CE6C009B3270 /* Frameworks */ = {
			isa = PBXFrameworksBuildPhase;
			buildActionMask = 2147483647;
			files = (
			);
			runOnlyForDeploymentPostprocessing = 0;
		};
/* End PBXFrameworksBuildPhase section */

/* Begin PBXGroup section */
		BF0E02302B80CE6A009B3270 = {
			isa = PBXGroup;
			children = (
				BF0E023B2B80CE6A009B3270 /* Picker View with Text Field */,
				BF0E02522B80CE6C009B3270 /* Picker View with Text FieldTests */,
				BF0E025C2B80CE6C009B3270 /* Picker View with Text FieldUITests */,
				BF0E023A2B80CE6A009B3270 /* Products */,
			);
			sourceTree = "<group>";
		};
		BF0E023A2B80CE6A009B3270 /* Products */ = {
			isa = PBXGroup;
			children = (
				BF0E02392B80CE6A009B3270 /* Picker View with Text Field.app */,
				BF0E024F2B80CE6C009B3270 /* Picker View with Text FieldTests.xctest */,
				BF0E02592B80CE6C009B3270 /* Picker View with Text FieldUITests.xctest */,
			);
			name = Products;
			sourceTree = "<group>";
		};
		BF0E023B2B80CE6A009B3270 /* Picker View with Text Field */ = {
			isa = PBXGroup;
			children = (
				BF0E023C2B80CE6A009B3270 /* AppDelegate.swift */,
				BF0E023E2B80CE6A009B3270 /* SceneDelegate.swift */,
				BF0E02402B80CE6A009B3270 /* ViewController.swift */,
				BF0E02422B80CE6A009B3270 /* Main.storyboard */,
				BF0E02452B80CE6C009B3270 /* Assets.xcassets */,
				BF0E02472B80CE6C009B3270 /* LaunchScreen.storyboard */,
				BF0E024A2B80CE6C009B3270 /* Info.plist */,
			);
			path = "Picker View with Text Field";
			sourceTree = "<group>";
		};
		BF0E02522B80CE6C009B3270 /* Picker View with Text FieldTests */ = {
			isa = PBXGroup;
			children = (
				BF0E02532B80CE6C009B3270 /* Picker_View_with_Text_FieldTests.swift */,
			);
			path = "Picker View with Text FieldTests";
			sourceTree = "<group>";
		};
		BF0E025C2B80CE6C009B3270 /* Picker View with Text FieldUITests */ = {
			isa = PBXGroup;
			children = (
				BF0E025D2B80CE6C009B3270 /* Picker_View_with_Text_FieldUITests.swift */,
				BF0E025F2B80CE6C009B3270 /* Picker_View_with_Text_FieldUITestsLaunchTests.swift */,
			);
			path = "Picker View with Text FieldUITests";
			sourceTree = "<group>";
		};
/* End PBXGroup section */

/* Begin PBXNativeTarget section */
		BF0E02382B80CE6A009B3270 /* Picker View with Text Field */ = {
			isa = PBXNativeTarget;
			buildConfigurationList = BF0E02632B80CE6C009B3270 /* Build configuration list for PBXNativeTarget "Picker View with Text Field" */;
			buildPhases = (
				BF0E02352B80CE6A009B3270 /* Sources */,
				BF0E02362B80CE6A009B3270 /* Frameworks */,
				BF0E02372B80CE6A009B3270 /* Resources */,
			);
			buildRules = (
			);
			dependencies = (
			);
			name = "Picker View with Text Field";
			productName = "Picker View with Text Field";
			productReference = BF0E02392B80CE6A009B3270 /* Picker View with Text Field.app */;
			productType = "com.apple.product-type.application";
		};
		BF0E024E2B80CE6C009B3270 /* Picker View with Text FieldTests */ = {
			isa = PBXNativeTarget;
			buildConfigurationList = BF0E02662B80CE6C009B3270 /* Build configuration list for PBXNativeTarget "Picker View with Text FieldTests" */;
			buildPhases = (
				BF0E024B2B80CE6C009B3270 /* Sources */,
				BF0E024C2B80CE6C009B3270 /* Frameworks */,
				BF0E024D2B80CE6C009B3270 /* Resources */,
			);
			buildRules = (
			);
			dependencies = (
				BF0E02512B80CE6C009B3270 /* PBXTargetDependency */,
			);
			name = "Picker View with Text FieldTests";
			productName = "Picker View with Text FieldTests";
			productReference = BF0E024F2B80CE6C009B3270 /* Picker View with Text FieldTests.xctest */;
			productType = "com.apple.product-type.bundle.unit-test";
		};
		BF0E02582B80CE6C009B3270 /* Picker View with Text FieldUITests */ = {
			isa = PBXNativeTarget;
			buildConfigurationList = BF0E02692B80CE6C009B3270 /* Build configuration list for PBXNativeTarget "Picker View with Text FieldUITests" */;
			buildPhases = (
				BF0E02552B80CE6C009B3270 /* Sources */,
				BF0E02562B80CE6C009B3270 /* Frameworks */,
				BF0E02572B80CE6C009B3270 /* Resources */,
			);
			buildRules = (
			);
			dependencies = (
				BF0E025B2B80CE6C009B3270 /* PBXTargetDependency */,
			);
			name = "Picker View with Text FieldUITests";
			productName = "Picker View with Text FieldUITests";
			productReference = BF0E02592B80CE6C009B3270 /* Picker View with Text FieldUITests.xctest */;
			productType = "com.apple.product-type.bundle.ui-testing";
		};
/* End PBXNativeTarget section */

/* Begin PBXProject section */
		BF0E02312B80CE6A009B3270 /* Project object */ = {
			isa = PBXProject;
			attributes = {
				BuildIndependentTargetsInParallel = 1;
				LastSwiftUpdateCheck = 1520;
				LastUpgradeCheck = 1520;
				TargetAttributes = {
					BF0E02382B80CE6A009B3270 = {
						CreatedOnToolsVersion = 15.2;
					};
					BF0E024E2B80CE6C009B3270 = {
						CreatedOnToolsVersion = 15.2;
						TestTargetID = BF0E02382B80CE6A009B3270;
					};
					BF0E02582B80CE6C009B3270 = {
						CreatedOnToolsVersion = 15.2;
						TestTargetID = BF0E02382B80CE6A009B3270;
					};
				};
			};
			buildConfigurationList = BF0E02342B80CE6A009B3270 /* Build configuration list for PBXProject "Picker View with Text Field" */;
			compatibilityVersion = "Xcode 14.0";
			developmentRegion = en;
			hasScannedForEncodings = 0;
			knownRegions = (
				en,
				Base,
			);
			mainGroup = BF0E02302B80CE6A009B3270;
			productRefGroup = BF0E023A2B80CE6A009B3270 /* Products */;
			projectDirPath = "";
			projectRoot = "";
			targets = (
				BF0E02382B80CE6A009B3270 /* Picker View with Text Field */,
				BF0E024E2B80CE6C009B3270 /* Picker View with Text FieldTests */,
				BF0E02582B80CE6C009B3270 /* Picker View with Text FieldUITests */,
			);
		};
/* End PBXProject section */

/* Begin PBXResourcesBuildPhase section */
		BF0E02372B80CE6A009B3270 /* Resources */ = {
			isa = PBXResourcesBuildPhase;
			buildActionMask = 2147483647;
			files = (
				BF0E02492B80CE6C009B3270 /* LaunchScreen.storyboard in Resources */,
				BF0E02462B80CE6C009B3270 /* Assets.xcassets in Resources */,
				BF0E02442B80CE6A009B3270 /* Main.storyboard in Resources */,
			);
			runOnlyForDeploymentPostprocessing = 0;
		};
		BF0E024D2B80CE6C009B3270 /* Resources */ = {
			isa = PBXResourcesBuildPhase;
			buildActionMask = 2147483647;
			files = (
			);
			runOnlyForDeploymentPostprocessing = 0;
		};
		BF0E02572B80CE6C009B3270 /* Resources */ = {
			isa = PBXResourcesBuildPhase;
			buildActionMask = 2147483647;
			files = (
			);
			runOnlyForDeploymentPostprocessing = 0;
		};
/* End PBXResourcesBuildPhase section */

/* Begin PBXSourcesBuildPhase section */
		BF0E02352B80CE6A009B3270 /* Sources */ = {
			isa = PBXSourcesBuildPhase;
			buildActionMask = 2147483647;
			files = (
				BF0E02412B80CE6A009B3270 /* ViewController.swift in Sources */,
				BF0E023D2B80CE6A009B3270 /* AppDelegate.swift in Sources */,
				BF0E023F2B80CE6A009B3270 /* SceneDelegate.swift in Sources */,
			);
			runOnlyForDeploymentPostprocessing = 0;
		};
		BF0E024B2B80CE6C009B3270 /* Sources */ = {
			isa = PBXSourcesBuildPhase;
			buildActionMask = 2147483647;
			files = (
				BF0E02542B80CE6C009B3270 /* Picker_View_with_Text_FieldTests.swift in Sources */,
			);
			runOnlyForDeploymentPostprocessing = 0;
		};
		BF0E02552B80CE6C009B3270 /* Sources */ = {
			isa = PBXSourcesBuildPhase;
			buildActionMask = 2147483647;
			files = (
				BF0E025E2B80CE6C009B3270 /* Picker_View_with_Text_FieldUITests.swift in Sources */,
				BF0E02602B80CE6C009B3270 /* Picker_View_with_Text_FieldUITestsLaunchTests.swift in Sources */,
			);
			runOnlyForDeploymentPostprocessing = 0;
		};
/* End PBXSourcesBuildPhase section */

/* Begin PBXTargetDependency section */
		BF0E02512B80CE6C009B3270 /* PBXTargetDependency */ = {
			isa = PBXTargetDependency;
			target = BF0E02382B80CE6A009B3270 /* Picker View with Text Field */;
			targetProxy = BF0E02502B80CE6C009B3270 /* PBXContainerItemProxy */;
		};
		BF0E025B2B80CE6C009B3270 /* PBXTargetDependency */ = {
			isa = PBXTargetDependency;
			target = BF0E02382B80CE6A009B3270 /* Picker View with Text Field */;
			targetProxy = BF0E025A2B80CE6C009B3270 /* PBXContainerItemProxy */;
		};
/* End PBXTargetDependency section */

/* Begin PBXVariantGroup section */
		BF0E02422B80CE6A009B3270 /* Main.storyboard */ = {
			isa = PBXVariantGroup;
			children = (
				BF0E02432B80CE6A009B3270 /* Base */,
			);
			name = Main.storyboard;
			sourceTree = "<group>";
		};
		BF0E02472B80CE6C009B3270 /* LaunchScreen.storyboard */ = {
			isa = PBXVariantGroup;
			children = (
				BF0E02482B80CE6C009B3270 /* Base */,
			);
			name = LaunchScreen.storyboard;
			sourceTree = "<group>";
		};
/* End PBXVariantGroup section */

/* Begin XCBuildConfiguration section */
		BF0E02612B80CE6C009B3270 /* Debug */ = {
			isa = XCBuildConfiguration;
			buildSettings = {
				ALWAYS_SEARCH_USER_PATHS = NO;
				ASSETCATALOG_COMPILER_GENERATE_SWIFT_ASSET_SYMBOL_EXTENSIONS = YES;
				CLANG_ANALYZER_NONNULL = YES;
				CLANG_ANALYZER_NUMBER_OBJECT_CONVERSION = YES_AGGRESSIVE;
				CLANG_CXX_LANGUAGE_STANDARD = "gnu++20";
				CLANG_ENABLE_MODULES = YES;
				CLANG_ENABLE_OBJC_ARC = YES;
				CLANG_ENABLE_OBJC_WEAK = YES;
				CLANG_WARN_BLOCK_CAPTURE_AUTORELEASING = YES;
				CLANG_WARN_BOOL_CONVERSION = YES;
				CLANG_WARN_COMMA = YES;
				CLANG_WARN_CONSTANT_CONVERSION = YES;
				CLANG_WARN_DEPRECATED_OBJC_IMPLEMENTATIONS = YES;
				CLANG_WARN_DIRECT_OBJC_ISA_USAGE = YES_ERROR;
				CLANG_WARN_DOCUMENTATION_COMMENTS = YES;
				CLANG_WARN_EMPTY_BODY = YES;
				CLANG_WARN_ENUM_CONVERSION = YES;
				CLANG_WARN_INFINITE_RECURSION = YES;
				CLANG_WARN_INT_CONVERSION = YES;
				CLANG_WARN_NON_LITERAL_NULL_CONVERSION = YES;
				CLANG_WARN_OBJC_IMPLICIT_RETAIN_SELF = YES;
				CLANG_WARN_OBJC_LITERAL_CONVERSION = YES;
				CLANG_WARN_OBJC_ROOT_CLASS = YES_ERROR;
				CLANG_WARN_QUOTED_INCLUDE_IN_FRAMEWORK_HEADER = YES;
				CLANG_WARN_RANGE_LOOP_ANALYSIS = YES;
				CLANG_WARN_STRICT_PROTOTYPES = YES;
				CLANG_WARN_SUSPICIOUS_MOVE = YES;
				CLANG_WARN_UNGUARDED_AVAILABILITY = YES_AGGRESSIVE;
				CLANG_WARN_UNREACHABLE_CODE = YES;
				CLANG_WARN__DUPLICATE_METHOD_MATCH = YES;
				COPY_PHASE_STRIP = NO;
				DEBUG_INFORMATION_FORMAT = dwarf;
				ENABLE_STRICT_OBJC_MSGSEND = YES;
				ENABLE_TESTABILITY = YES;
				ENABLE_USER_SCRIPT_SANDBOXING = YES;
				GCC_C_LANGUAGE_STANDARD = gnu17;
				GCC_DYNAMIC_NO_PIC = NO;
				GCC_NO_COMMON_BLOCKS = YES;
				GCC_OPTIMIZATION_LEVEL = 0;
				GCC_PREPROCESSOR_DEFINITIONS = (
					"DEBUG=1",
					"$(inherited)",
				);
				GCC_WARN_64_TO_32_BIT_CONVERSION = YES;
				GCC_WARN_ABOUT_RETURN_TYPE = YES_ERROR;
				GCC_WARN_UNDECLARED_SELECTOR = YES;
				GCC_WARN_UNINITIALIZED_AUTOS = YES_AGGRESSIVE;
				GCC_WARN_UNUSED_FUNCTION = YES;
				GCC_WARN_UNUSED_VARIABLE = YES;
				IPHONEOS_DEPLOYMENT_TARGET = 17.2;
				LOCALIZATION_PREFERS_STRING_CATALOGS = YES;
				MTL_ENABLE_DEBUG_INFO = INCLUDE_SOURCE;
				MTL_FAST_MATH = YES;
				ONLY_ACTIVE_ARCH = YES;
				SDKROOT = iphoneos;
				SWIFT_ACTIVE_COMPILATION_CONDITIONS = "DEBUG $(inherited)";
				SWIFT_OPTIMIZATION_LEVEL = "-Onone";
			};
			name = Debug;
		};
		BF0E02622B80CE6C009B3270 /* Release */ = {
			isa = XCBuildConfiguration;
			buildSettings = {
				ALWAYS_SEARCH_USER_PATHS = NO;
				ASSETCATALOG_COMPILER_GENERATE_SWIFT_ASSET_SYMBOL_EXTENSIONS = YES;
				CLANG_ANALYZER_NONNULL = YES;
				CLANG_ANALYZER_NUMBER_OBJECT_CONVERSION = YES_AGGRESSIVE;
				CLANG_CXX_LANGUAGE_STANDARD = "gnu++20";
				CLANG_ENABLE_MODULES = YES;
				CLANG_ENABLE_OBJC_ARC = YES;
				CLANG_ENABLE_OBJC_WEAK = YES;
				CLANG_WARN_BLOCK_CAPTURE_AUTORELEASING = YES;
				CLANG_WARN_BOOL_CONVERSION = YES;
				CLANG_WARN_COMMA = YES;
				CLANG_WARN_CONSTANT_CONVERSION = YES;
				CLANG_WARN_DEPRECATED_OBJC_IMPLEMENTATIONS = YES;
				CLANG_WARN_DIRECT_OBJC_ISA_USAGE = YES_ERROR;
				CLANG_WARN_DOCUMENTATION_COMMENTS = YES;
				CLANG_WARN_EMPTY_BODY = YES;
				CLANG_WARN_ENUM_CONVERSION = YES;
				CLANG_WARN_INFINITE_RECURSION = YES;
				CLANG_WARN_INT_CONVERSION = YES;
				CLANG_WARN_NON_LITERAL_NULL_CONVERSION = YES;
				CLANG_WARN_OBJC_IMPLICIT_RETAIN_SELF = YES;
				CLANG_WARN_OBJC_LITERAL_CONVERSION = YES;
				CLANG_WARN_OBJC_ROOT_CLASS = YES_ERROR;
				CLANG_WARN_QUOTED_INCLUDE_IN_FRAMEWORK_HEADER = YES;
				CLANG_WARN_RANGE_LOOP_ANALYSIS = YES;
				CLANG_WARN_STRICT_PROTOTYPES = YES;
				CLANG_WARN_SUSPICIOUS_MOVE = YES;
				CLANG_WARN_UNGUARDED_AVAILABILITY = YES_AGGRESSIVE;
				CLANG_WARN_UNREACHABLE_CODE = YES;
				CLANG_WARN__DUPLICATE_METHOD_MATCH = YES;
				COPY_PHASE_STRIP = NO;
				DEBUG_INFORMATION_FORMAT = "dwarf-with-dsym";
				ENABLE_NS_ASSERTIONS = NO;
				ENABLE_STRICT_OBJC_MSGSEND = YES;
				ENABLE_USER_SCRIPT_SANDBOXING = YES;
				GCC_C_LANGUAGE_STANDARD = gnu17;
				GCC_NO_COMMON_BLOCKS = YES;
				GCC_WARN_64_TO_32_BIT_CONVERSION = YES;
				GCC_WARN_ABOUT_RETURN_TYPE = YES_ERROR;
				GCC_WARN_UNDECLARED_SELECTOR = YES;
				GCC_WARN_UNINITIALIZED_AUTOS = YES_AGGRESSIVE;
				GCC_WARN_UNUSED_FUNCTION = YES;
				GCC_WARN_UNUSED_VARIABLE = YES;
				IPHONEOS_DEPLOYMENT_TARGET = 17.2;
				LOCALIZATION_PREFERS_STRING_CATALOGS = YES;
				MTL_ENABLE_DEBUG_INFO = NO;
				MTL_FAST_MATH = YES;
				SDKROOT = iphoneos;
				SWIFT_COMPILATION_MODE = wholemodule;
				VALIDATE_PRODUCT = YES;
			};
			name = Release;
		};
		BF0E02642B80CE6C009B3270 /* Debug */ = {
			isa = XCBuildConfiguration;
			buildSettings = {
				ASSETCATALOG_COMPILER_APPICON_NAME = AppIcon;
				ASSETCATALOG_COMPILER_GLOBAL_ACCENT_COLOR_NAME = AccentColor;
				CODE_SIGN_STYLE = Automatic;
				CURRENT_PROJECT_VERSION = 1;
				GENERATE_INFOPLIST_FILE = YES;
				INFOPLIST_FILE = "Picker View with Text Field/Info.plist";
				INFOPLIST_KEY_UIApplicationSupportsIndirectInputEvents = YES;
				INFOPLIST_KEY_UILaunchStoryboardName = LaunchScreen;
				INFOPLIST_KEY_UIMainStoryboardFile = Main;
				INFOPLIST_KEY_UISupportedInterfaceOrientations_iPad = "UIInterfaceOrientationPortrait UIInterfaceOrientationPortraitUpsideDown UIInterfaceOrientationLandscapeLeft UIInterfaceOrientationLandscapeRight";
				INFOPLIST_KEY_UISupportedInterfaceOrientations_iPhone = "UIInterfaceOrientationPortrait UIInterfaceOrientationLandscapeLeft UIInterfaceOrientationLandscapeRight";
				LD_RUNPATH_SEARCH_PATHS = (
					"$(inherited)",
					"@executable_path/Frameworks",
				);
				MARKETING_VERSION = 1.0;
				PRODUCT_BUNDLE_IDENTIFIER = "info.Picker-View-with-Text-Field";
				PRODUCT_NAME = "$(TARGET_NAME)";
				SWIFT_EMIT_LOC_STRINGS = YES;
				SWIFT_VERSION = 5.0;
				TARGETED_DEVICE_FAMILY = "1,2";
			};
			name = Debug;
		};
		BF0E02652B80CE6C009B3270 /* Release */ = {
			isa = XCBuildConfiguration;
			buildSettings = {
				ASSETCATALOG_COMPILER_APPICON_NAME = AppIcon;
				ASSETCATALOG_COMPILER_GLOBAL_ACCENT_COLOR_NAME = AccentColor;
				CODE_SIGN_STYLE = Automatic;
				CURRENT_PROJECT_VERSION = 1;
				GENERATE_INFOPLIST_FILE = YES;
				INFOPLIST_FILE = "Picker View with Text Field/Info.plist";
				INFOPLIST_KEY_UIApplicationSupportsIndirectInputEvents = YES;
				INFOPLIST_KEY_UILaunchStoryboardName = LaunchScreen;
				INFOPLIST_KEY_UIMainStoryboardFile = Main;
				INFOPLIST_KEY_UISupportedInterfaceOrientations_iPad = "UIInterfaceOrientationPortrait UIInterfaceOrientationPortraitUpsideDown UIInterfaceOrientationLandscapeLeft UIInterfaceOrientationLandscapeRight";
				INFOPLIST_KEY_UISupportedInterfaceOrientations_iPhone = "UIInterfaceOrientationPortrait UIInterfaceOrientationLandscapeLeft UIInterfaceOrientationLandscapeRight";
				LD_RUNPATH_SEARCH_PATHS = (
					"$(inherited)",
					"@executable_path/Frameworks",
				);
				MARKETING_VERSION = 1.0;
				PRODUCT_BUNDLE_IDENTIFIER = "info.Picker-View-with-Text-Field";
				PRODUCT_NAME = "$(TARGET_NAME)";
				SWIFT_EMIT_LOC_STRINGS = YES;
				SWIFT_VERSION = 5.0;
				TARGETED_DEVICE_FAMILY = "1,2";
			};
			name = Release;
		};
		BF0E02672B80CE6C009B3270 /* Debug */ = {
			isa = XCBuildConfiguration;
			buildSettings = {
				ALWAYS_EMBED_SWIFT_STANDARD_LIBRARIES = YES;
				BUNDLE_LOADER = "$(TEST_HOST)";
				CODE_SIGN_STYLE = Automatic;
				CURRENT_PROJECT_VERSION = 1;
				GENERATE_INFOPLIST_FILE = YES;
				IPHONEOS_DEPLOYMENT_TARGET = 17.2;
				MARKETING_VERSION = 1.0;
				PRODUCT_BUNDLE_IDENTIFIER = "info.Picker-View-with-Text-FieldTests";
				PRODUCT_NAME = "$(TARGET_NAME)";
				SWIFT_EMIT_LOC_STRINGS = NO;
				SWIFT_VERSION = 5.0;
				TARGETED_DEVICE_FAMILY = "1,2";
				TEST_HOST = "$(BUILT_PRODUCTS_DIR)/Picker View with Text Field.app/$(BUNDLE_EXECUTABLE_FOLDER_PATH)/Picker View with Text Field";
			};
			name = Debug;
		};
		BF0E02682B80CE6C009B3270 /* Release */ = {
			isa = XCBuildConfiguration;
			buildSettings = {
				ALWAYS_EMBED_SWIFT_STANDARD_LIBRARIES = YES;
				BUNDLE_LOADER = "$(TEST_HOST)";
				CODE_SIGN_STYLE = Automatic;
				CURRENT_PROJECT_VERSION = 1;
				GENERATE_INFOPLIST_FILE = YES;
				IPHONEOS_DEPLOYMENT_TARGET = 17.2;
				MARKETING_VERSION = 1.0;
				PRODUCT_BUNDLE_IDENTIFIER = "info.Picker-View-with-Text-FieldTests";
				PRODUCT_NAME = "$(TARGET_NAME)";
				SWIFT_EMIT_LOC_STRINGS = NO;
				SWIFT_VERSION = 5.0;
				TARGETED_DEVICE_FAMILY = "1,2";
				TEST_HOST = "$(BUILT_PRODUCTS_DIR)/Picker View with Text Field.app/$(BUNDLE_EXECUTABLE_FOLDER_PATH)/Picker View with Text Field";
			};
			name = Release;
		};
		BF0E026A2B80CE6C009B3270 /* Debug */ = {
			isa = XCBuildConfiguration;
			buildSettings = {
				ALWAYS_EMBED_SWIFT_STANDARD_LIBRARIES = YES;
				CODE_SIGN_STYLE = Automatic;
				CURRENT_PROJECT_VERSION = 1;
				GENERATE_INFOPLIST_FILE = YES;
				MARKETING_VERSION = 1.0;
				PRODUCT_BUNDLE_IDENTIFIER = "info.Picker-View-with-Text-FieldUITests";
				PRODUCT_NAME = "$(TARGET_NAME)";
				SWIFT_EMIT_LOC_STRINGS = NO;
				SWIFT_VERSION = 5.0;
				TARGETED_DEVICE_FAMILY = "1,2";
				TEST_TARGET_NAME = "Picker View with Text Field";
			};
			name = Debug;
		};
		BF0E026B2B80CE6C009B3270 /* Release */ = {
			isa = XCBuildConfiguration;
			buildSettings = {
				ALWAYS_EMBED_SWIFT_STANDARD_LIBRARIES = YES;
				CODE_SIGN_STYLE = Automatic;
				CURRENT_PROJECT_VERSION = 1;
				GENERATE_INFOPLIST_FILE = YES;
				MARKETING_VERSION = 1.0;
				PRODUCT_BUNDLE_IDENTIFIER = "info.Picker-View-with-Text-FieldUITests";
				PRODUCT_NAME = "$(TARGET_NAME)";
				SWIFT_EMIT_LOC_STRINGS = NO;
				SWIFT_VERSION = 5.0;
				TARGETED_DEVICE_FAMILY = "1,2";
				TEST_TARGET_NAME = "Picker View with Text Field";
			};
			name = Release;
		};
/* End XCBuildConfiguration section */

/* Begin XCConfigurationList section */
		BF0E02342B80CE6A009B3270 /* Build configuration list for PBXProject "Picker View with Text Field" */ = {
			isa = XCConfigurationList;
			buildConfigurations = (
				BF0E02612B80CE6C009B3270 /* Debug */,
				BF0E02622B80CE6C009B3270 /* Release */,
			);
			defaultConfigurationIsVisible = 0;
			defaultConfigurationName = Release;
		};
		BF0E02632B80CE6C009B3270 /* Build configuration list for PBXNativeTarget "Picker View with Text Field" */ = {
			isa = XCConfigurationList;
			buildConfigurations = (
				BF0E02642B80CE6C009B3270 /* Debug */,
				BF0E02652B80CE6C009B3270 /* Release */,
			);
			defaultConfigurationIsVisible = 0;
			defaultConfigurationName = Release;
		};
		BF0E02662B80CE6C009B3270 /* Build configuration list for PBXNativeTarget "Picker View with Text FieldTests" */ = {
			isa = XCConfigurationList;
			buildConfigurations = (
				BF0E02672B80CE6C009B3270 /* Debug */,
				BF0E02682B80CE6C009B3270 /* Release */,
			);
			defaultConfigurationIsVisible = 0;
			defaultConfigurationName = Release;
		};
		BF0E02692B80CE6C009B3270 /* Build configuration list for PBXNativeTarget "Picker View with Text FieldUITests" */ = {
			isa = XCConfigurationList;
			buildConfigurations = (
				BF0E026A2B80CE6C009B3270 /* Debug */,
				BF0E026B2B80CE6C009B3270 /* Release */,
			);
			defaultConfigurationIsVisible = 0;
			defaultConfigurationName = Release;
		};
/* End XCConfigurationList section */
	};
	rootObject = BF0E02312B80CE6A009B3270 /* Project object */;
}
